# THIS IS AN AUTOGENERATED FILE. DO NOT EDIT THIS FILE DIRECTLY.
# yarn lockfile v1


"@lwys-pkg-releaser/node-bullshit-generator@^1.2.0":
  version "1.2.0"
  resolved "https://registry.npmjs.org/@lwys-pkg-releaser/node-bullshit-generator/-/node-bullshit-generator-1.2.0.tgz#defced89c3c407a5775dab90b8078bebe3d0e3c3"
  integrity sha512-omEHfm9R9IFPy4uLSXILliUxABBc9LvybCdccd5Tu9HYss3lP+R4Vu36L856Hy6tMly4N1LiSRkBKP9i1nNTHQ==

dayjs@^1.10.7:
  version "1.10.7"
  resolved "https://registry.npmjs.org/dayjs/-/dayjs-1.10.7.tgz#2cf5f91add28116748440866a0a1d26f3a6ce468"
  integrity sha512-P6twpd70BcPK34K26uJ1KT3wlhpuOAPoMwJzpsIWUxHZ7wpmbdZL/hQqBDfz7hGurYSa5PhzdhDHtt319hL3ig==
